// !$*UTF8*$!
{
	archiveVersion = 1;
	classes = {
	};
	objectVersion = 56;
	objects = {

/* Begin PBXBuildFile section */
		A1000001 /* QuickUnzipApp.swift in Sources */ = {isa = PBXBuildFile; fileRef = A2000001 /* QuickUnzipApp.swift */; };
		A1000002 /* FileItem.swift in Sources */ = {isa = PBXBuildFile; fileRef = A2000002 /* FileItem.swift */; };
		A1000003 /* FileStore.swift in Sources */ = {isa = PBXBuildFile; fileRef = A2000003 /* FileStore.swift */; };
		A1000004 /* HomeViewModel.swift in Sources */ = {isa = PBXBuildFile; fileRef = A2000004 /* HomeViewModel.swift */; };
		A1000005 /* FileListViewModel.swift in Sources */ = {isa = PBXBuildFile; fileRef = A2000005 /* FileListViewModel.swift */; };
		A1000006 /* HomeView.swift in Sources */ = {isa = PBXBuildFile; fileRef = A2000006 /* HomeView.swift */; };
		A1000007 /* FileListView.swift in Sources */ = {isa = PBXBuildFile; fileRef = A2000007 /* FileListView.swift */; };
		A1000008 /* FileDetailView.swift in Sources */ = {isa = PBXBuildFile; fileRef = A2000008 /* FileDetailView.swift */; };
		A1000009 /* ImagePreviewView.swift in Sources */ = {isa = PBXBuildFile; fileRef = A2000009 /* ImagePreviewView.swift */; };
		A100000A /* TextPreviewView.swift in Sources */ = {isa = PBXBuildFile; fileRef = A200000A /* TextPreviewView.swift */; };
		A100000B /* PDFPreviewView.swift in Sources */ = {isa = PBXBuildFile; fileRef = A200000B /* PDFPreviewView.swift */; };
		A100000C /* FileRowView.swift in Sources */ = {isa = PBXBuildFile; fileRef = A200000C /* FileRowView.swift */; };
		A100000D /* EmptyStateView.swift in Sources */ = {isa = PBXBuildFile; fileRef = A200000D /* EmptyStateView.swift */; };
		A100000E /* DocumentPicker.swift in Sources */ = {isa = PBXBuildFile; fileRef = A200000E /* DocumentPicker.swift */; };
		A100000F /* ShareSheet.swift in Sources */ = {isa = PBXBuildFile; fileRef = A200000F /* ShareSheet.swift */; };
		A1000010 /* Color+Hex.swift in Sources */ = {isa = PBXBuildFile; fileRef = A2000010 /* Color+Hex.swift */; };
		A1000011 /* ZIPExtractor.swift in Sources */ = {isa = PBXBuildFile; fileRef = A2000011 /* ZIPExtractor.swift */; };
		A1000012 /* FileService.swift in Sources */ = {isa = PBXBuildFile; fileRef = A2000012 /* FileService.swift */; };
		A1000013 /* Assets.xcassets in Resources */ = {isa = PBXBuildFile; fileRef = A2000013 /* Assets.xcassets */; };
		A1000014 /* ArchiveExtractor.swift in Sources */ = {isa = PBXBuildFile; fileRef = A2000015 /* ArchiveExtractor.swift */; };
		A1000015 /* SettingsView.swift in Sources */ = {isa = PBXBuildFile; fileRef = A2000016 /* SettingsView.swift */; };
		A1000016 /* ArchiveCompressor.swift in Sources */ = {isa = PBXBuildFile; fileRef = A2000017 /* ArchiveCompressor.swift */; };
		A1000017 /* CompressViewModel.swift in Sources */ = {isa = PBXBuildFile; fileRef = A2000018 /* CompressViewModel.swift */; };
		A1000018 /* CompressView.swift in Sources */ = {isa = PBXBuildFile; fileRef = A2000019 /* CompressView.swift */; };
		A1000019 /* UpdateLogView.swift in Sources */ = {isa = PBXBuildFile; fileRef = A200001A /* UpdateLogView.swift */; };
		A100001A /* CustomerServiceView.swift in Sources */ = {isa = PBXBuildFile; fileRef = A200001B /* CustomerServiceView.swift */; };
		A100001B /* CustomerServiceAPI.swift in Sources */ = {isa = PBXBuildFile; fileRef = A200001C /* CustomerServiceAPI.swift */; };
		A100001C /* ProfileView.swift in Sources */ = {isa = PBXBuildFile; fileRef = A200001D /* ProfileView.swift */; };
		A100001D /* TextEditorView.swift in Sources */ = {isa = PBXBuildFile; fileRef = A200001E /* TextEditorView.swift */; };
		A100001E /* AIChatService.swift in Sources */ = {isa = PBXBuildFile; fileRef = A200001F /* AIChatService.swift */; };
		A100001F /* AIChatView.swift in Sources */ = {isa = PBXBuildFile; fileRef = A2000021 /* AIChatView.swift */; };
		A1000030 /* ArchiveCleaner.swift in Sources */ = {isa = PBXBuildFile; fileRef = A2000030 /* ArchiveCleaner.swift */; };
		A1000031 /* CompressionAnalyzer.swift in Sources */ = {isa = PBXBuildFile; fileRef = A2000031 /* CompressionAnalyzer.swift */; };
		A1000032 /* EncodingFixer.swift in Sources */ = {isa = PBXBuildFile; fileRef = A2000032 /* EncodingFixer.swift */; };
		A1000033 /* QRCodeGenerator.swift in Sources */ = {isa = PBXBuildFile; fileRef = A2000033 /* QRCodeGenerator.swift */; };
		A1000034 /* ToolsView.swift in Sources */ = {isa = PBXBuildFile; fileRef = A2000034 /* ToolsView.swift */; };
		A1000035 /* AnalyzerView.swift in Sources */ = {isa = PBXBuildFile; fileRef = A2000035 /* AnalyzerView.swift */; };
		A1000036 /* CleanerView.swift in Sources */ = {isa = PBXBuildFile; fileRef = A2000036 /* CleanerView.swift */; };
		A1000037 /* EncodingFixerView.swift in Sources */ = {isa = PBXBuildFile; fileRef = A2000037 /* EncodingFixerView.swift */; };
		A1000038 /* QRCodeView.swift in Sources */ = {isa = PBXBuildFile; fileRef = A2000038 /* QRCodeView.swift */; };
		A1000039 /* AudioPreviewView.swift in Sources */ = {isa = PBXBuildFile; fileRef = A2000039 /* AudioPreviewView.swift */; };
		A100003A /* VideoPreviewView.swift in Sources */ = {isa = PBXBuildFile; fileRef = A200003A /* VideoPreviewView.swift */; };
		A100003B /* View+GlassEffect.swift in Sources */ = {isa = PBXBuildFile; fileRef = A200003B /* View+GlassEffect.swift */; };
/* End PBXBuildFile section */

/* Begin PBXFileReference section */
		A2000001 /* QuickUnzipApp.swift */ = {isa = PBXFileReference; lastKnownFileType = sourcecode.swift; path = QuickUnzipApp.swift; sourceTree = "<group>"; };
		A2000002 /* FileItem.swift */ = {isa = PBXFileReference; lastKnownFileType = sourcecode.swift; path = FileItem.swift; sourceTree = "<group>"; };
		A2000003 /* FileStore.swift */ = {isa = PBXFileReference; lastKnownFileType = sourcecode.swift; path = FileStore.swift; sourceTree = "<group>"; };
		A2000004 /* HomeViewModel.swift */ = {isa = PBXFileReference; lastKnownFileType = sourcecode.swift; path = HomeViewModel.swift; sourceTree = "<group>"; };
		A2000005 /* FileListViewModel.swift */ = {isa = PBXFileReference; lastKnownFileType = sourcecode.swift; path = FileListViewModel.swift; sourceTree = "<group>"; };
		A2000006 /* HomeView.swift */ = {isa = PBXFileReference; lastKnownFileType = sourcecode.swift; path = HomeView.swift; sourceTree = "<group>"; };
		A2000007 /* FileListView.swift */ = {isa = PBXFileReference; lastKnownFileType = sourcecode.swift; path = FileListView.swift; sourceTree = "<group>"; };
		A2000008 /* FileDetailView.swift */ = {isa = PBXFileReference; lastKnownFileType = sourcecode.swift; path = FileDetailView.swift; sourceTree = "<group>"; };
		A2000009 /* ImagePreviewView.swift */ = {isa = PBXFileReference; lastKnownFileType = sourcecode.swift; path = ImagePreviewView.swift; sourceTree = "<group>"; };
		A200000A /* TextPreviewView.swift */ = {isa = PBXFileReference; lastKnownFileType = sourcecode.swift; path = TextPreviewView.swift; sourceTree = "<group>"; };
		A200000B /* PDFPreviewView.swift */ = {isa = PBXFileReference; lastKnownFileType = sourcecode.swift; path = PDFPreviewView.swift; sourceTree = "<group>"; };
		A200000C /* FileRowView.swift */ = {isa = PBXFileReference; lastKnownFileType = sourcecode.swift; path = FileRowView.swift; sourceTree = "<group>"; };
		A200000D /* EmptyStateView.swift */ = {isa = PBXFileReference; lastKnownFileType = sourcecode.swift; path = EmptyStateView.swift; sourceTree = "<group>"; };
		A200000E /* DocumentPicker.swift */ = {isa = PBXFileReference; lastKnownFileType = sourcecode.swift; path = DocumentPicker.swift; sourceTree = "<group>"; };
		A200000F /* ShareSheet.swift */ = {isa = PBXFileReference; lastKnownFileType = sourcecode.swift; path = ShareSheet.swift; sourceTree = "<group>"; };
		A2000010 /* Color+Hex.swift */ = {isa = PBXFileReference; lastKnownFileType = sourcecode.swift; path = "Color+Hex.swift"; sourceTree = "<group>"; };
		A2000011 /* ZIPExtractor.swift */ = {isa = PBXFileReference; lastKnownFileType = sourcecode.swift; path = ZIPExtractor.swift; sourceTree = "<group>"; };
		A2000012 /* FileService.swift */ = {isa = PBXFileReference; lastKnownFileType = sourcecode.swift; path = FileService.swift; sourceTree = "<group>"; };
		A2000013 /* Assets.xcassets */ = {isa = PBXFileReference; lastKnownFileType = folder.assetcatalog; path = Assets.xcassets; sourceTree = "<group>"; };
		A2000014 /* Info.plist */ = {isa = PBXFileReference; lastKnownFileType = text.plist.xml; path = Info.plist; sourceTree = "<group>"; };
		A2000015 /* ArchiveExtractor.swift */ = {isa = PBXFileReference; lastKnownFileType = sourcecode.swift; path = ArchiveExtractor.swift; sourceTree = "<group>"; };
		A2000016 /* SettingsView.swift */ = {isa = PBXFileReference; lastKnownFileType = sourcecode.swift; path = SettingsView.swift; sourceTree = "<group>"; };
		A2000017 /* ArchiveCompressor.swift */ = {isa = PBXFileReference; lastKnownFileType = sourcecode.swift; path = ArchiveCompressor.swift; sourceTree = "<group>"; };
		A2000018 /* CompressViewModel.swift */ = {isa = PBXFileReference; lastKnownFileType = sourcecode.swift; path = CompressViewModel.swift; sourceTree = "<group>"; };
		A2000019 /* CompressView.swift */ = {isa = PBXFileReference; lastKnownFileType = sourcecode.swift; path = CompressView.swift; sourceTree = "<group>"; };
		A200001A /* UpdateLogView.swift */ = {isa = PBXFileReference; lastKnownFileType = sourcecode.swift; path = UpdateLogView.swift; sourceTree = "<group>"; };
		A2000020 /* QuickUnzip.app */ = {isa = PBXFileReference; explicitFileType = wrapper.application; includeInIndex = 0; path = QuickUnzip.app; sourceTree = BUILT_PRODUCTS_DIR; };
		A200001B /* CustomerServiceView.swift */ = {isa = PBXFileReference; lastKnownFileType = sourcecode.swift; path = CustomerServiceView.swift; sourceTree = "<group>"; };
		A200001C /* CustomerServiceAPI.swift */ = {isa = PBXFileReference; lastKnownFileType = sourcecode.swift; path = CustomerServiceAPI.swift; sourceTree = "<group>"; };
		A200001D /* ProfileView.swift */ = {isa = PBXFileReference; lastKnownFileType = sourcecode.swift; path = ProfileView.swift; sourceTree = "<group>"; };
		A200001E /* TextEditorView.swift */ = {isa = PBXFileReference; lastKnownFileType = sourcecode.swift; path = TextEditorView.swift; sourceTree = "<group>"; };
		A200001F /* AIChatService.swift */ = {isa = PBXFileReference; lastKnownFileType = sourcecode.swift; path = AIChatService.swift; sourceTree = "<group>"; };
		A2000021 /* AIChatView.swift */ = {isa = PBXFileReference; lastKnownFileType = sourcecode.swift; path = AIChatView.swift; sourceTree = "<group>"; };
		A2000030 /* ArchiveCleaner.swift */ = {isa = PBXFileReference; lastKnownFileType = sourcecode.swift; path = ArchiveCleaner.swift; sourceTree = "<group>"; };
		A2000031 /* CompressionAnalyzer.swift */ = {isa = PBXFileReference; lastKnownFileType = sourcecode.swift; path = CompressionAnalyzer.swift; sourceTree = "<group>"; };
		A2000032 /* EncodingFixer.swift */ = {isa = PBXFileReference; lastKnownFileType = sourcecode.swift; path = EncodingFixer.swift; sourceTree = "<group>"; };
		A2000033 /* QRCodeGenerator.swift */ = {isa = PBXFileReference; lastKnownFileType = sourcecode.swift; path = QRCodeGenerator.swift; sourceTree = "<group>"; };
		A2000034 /* ToolsView.swift */ = {isa = PBXFileReference; lastKnownFileType = sourcecode.swift; path = ToolsView.swift; sourceTree = "<group>"; };
		A2000035 /* AnalyzerView.swift */ = {isa = PBXFileReference; lastKnownFileType = sourcecode.swift; path = AnalyzerView.swift; sourceTree = "<group>"; };
		A2000036 /* CleanerView.swift */ = {isa = PBXFileReference; lastKnownFileType = sourcecode.swift; path = CleanerView.swift; sourceTree = "<group>"; };
		A2000037 /* EncodingFixerView.swift */ = {isa = PBXFileReference; lastKnownFileType = sourcecode.swift; path = EncodingFixerView.swift; sourceTree = "<group>"; };
		A2000038 /* QRCodeView.swift */ = {isa = PBXFileReference; lastKnownFileType = sourcecode.swift; path = QRCodeView.swift; sourceTree = "<group>"; };
		A2000039 /* AudioPreviewView.swift */ = {isa = PBXFileReference; lastKnownFileType = sourcecode.swift; path = AudioPreviewView.swift; sourceTree = "<group>"; };
		A200003A /* VideoPreviewView.swift */ = {isa = PBXFileReference; lastKnownFileType = sourcecode.swift; path = VideoPreviewView.swift; sourceTree = "<group>"; };
		A200003B /* View+GlassEffect.swift */ = {isa = PBXFileReference; lastKnownFileType = sourcecode.swift; path = "View+GlassEffect.swift"; sourceTree = "<group>"; };
/* End PBXFileReference section */

/* Begin PBXFrameworksBuildPhase section */
		B1000001 /* Frameworks */ = {
			isa = PBXFrameworksBuildPhase;
			buildActionMask = 2147483647;
			files = (
			);
			runOnlyForDeploymentPostprocessing = 0;
		};
/* End PBXFrameworksBuildPhase section */

/* Begin PBXGroup section */
		C1000001 /* = Begin Main Group = */ = {
			isa = PBXGroup;
			children = (
				C1000002 /* QuickUnzip */,
				C1000010 /* Products */,
			);
			sourceTree = "<group>";
		};
		C1000002 /* QuickUnzip */ = {
			isa = PBXGroup;
			children = (
				A2000001 /* QuickUnzipApp.swift */,
				A2000014 /* Info.plist */,
				A2000013 /* Assets.xcassets */,
				C1000003 /* Models */,
				C1000004 /* ViewModels */,
				C1000005 /* Views */,
				C1000008 /* Extensions */,
				C1000009 /* Services */,
			);
			path = QuickUnzip;
			sourceTree = "<group>";
		};
		C1000003 /* Models */ = {
			isa = PBXGroup;
			children = (
				A2000002 /* FileItem.swift */,
				A2000003 /* FileStore.swift */,
			);
			path = Models;
			sourceTree = "<group>";
		};
		C1000004 /* ViewModels */ = {
			isa = PBXGroup;
			children = (
				A2000004 /* HomeViewModel.swift */,
				A2000005 /* FileListViewModel.swift */,
				A2000018 /* CompressViewModel.swift */,
			);
			path = ViewModels;
			sourceTree = "<group>";
		};
		C1000005 /* Views */ = {
			isa = PBXGroup;
			children = (
				A2000006 /* HomeView.swift */,
				A2000007 /* FileListView.swift */,
				A2000008 /* FileDetailView.swift */,
				A2000016 /* SettingsView.swift */,
				A2000019 /* CompressView.swift */,
				A200001A /* UpdateLogView.swift */,
				A200001B /* CustomerServiceView.swift */,
				A200001D /* ProfileView.swift */,
				A200001E /* TextEditorView.swift */,
				A2000021 /* AIChatView.swift */,
				A2000034 /* ToolsView.swift */,
				C1000006 /* Preview */,
				C1000007 /* Components */,
				C1000011 /* Tools */,
			);
			path = Views;
			sourceTree = "<group>";
		};
		C1000006 /* Preview */ = {
			isa = PBXGroup;
			children = (
				A2000009 /* ImagePreviewView.swift */,
				A200000A /* TextPreviewView.swift */,
				A200000B /* PDFPreviewView.swift */,
				A2000039 /* AudioPreviewView.swift */,
				A200003A /* VideoPreviewView.swift */,
			);
			path = Preview;
			sourceTree = "<group>";
		};
		C1000007 /* Components */ = {
			isa = PBXGroup;
			children = (
				A200000C /* FileRowView.swift */,
				A200000D /* EmptyStateView.swift */,
				A200000E /* DocumentPicker.swift */,
				A200000F /* ShareSheet.swift */,
			);
			path = Components;
			sourceTree = "<group>";
		};
		C1000008 /* Extensions */ = {
			isa = PBXGroup;
			children = (
				A2000010 /* Color+Hex.swift */,
				A200003B /* View+GlassEffect.swift */,
			);
			path = Extensions;
			sourceTree = "<group>";
		};
		C1000009 /* Services */ = {
			isa = PBXGroup;
			children = (
				A2000011 /* ZIPExtractor.swift */,
				A2000012 /* FileService.swift */,
				A2000015 /* ArchiveExtractor.swift */,
				A2000017 /* ArchiveCompressor.swift */,
				A200001C /* CustomerServiceAPI.swift */,
				A200001F /* AIChatService.swift */,
				A2000030 /* ArchiveCleaner.swift */,
				A2000031 /* CompressionAnalyzer.swift */,
				A2000032 /* EncodingFixer.swift */,
				A2000033 /* QRCodeGenerator.swift */,
			);
			path = Services;
			sourceTree = "<group>";
		};
		C1000011 /* Tools */ = {
			isa = PBXGroup;
			children = (
				A2000035 /* AnalyzerView.swift */,
				A2000036 /* CleanerView.swift */,
				A2000037 /* EncodingFixerView.swift */,
				A2000038 /* QRCodeView.swift */,
			);
			path = Tools;
			sourceTree = "<group>";
		};
		C1000010 /* Products */ = {
			isa = PBXGroup;
			children = (
				A2000020 /* QuickUnzip.app */,
			);
			name = Products;
			sourceTree = "<group>";
		};
/* End PBXGroup section */

/* Begin PBXNativeTarget section */
		D1000001 /* QuickUnzip */ = {
			isa = PBXNativeTarget;
			buildConfigurationList = E1000003 /* Build configuration list for PBXNativeTarget "QuickUnzip" */;
			buildPhases = (
				D1000002 /* Sources */,
				B1000001 /* Frameworks */,
				D1000003 /* Resources */,
			);
			buildRules = (
			);
			dependencies = (
			);
			name = QuickUnzip;
			productName = QuickUnzip;
			productReference = A2000020 /* QuickUnzip.app */;
			productType = "com.apple.product-type.application";
		};
/* End PBXNativeTarget section */

/* Begin PBXProject section */
		D1000010 /* Project object */ = {
			isa = PBXProject;
			attributes = {
				BuildIndependentTargetsInParallel = 1;
				LastSwiftUpdateCheck = 1500;
				LastUpgradeCheck = 1500;
				TargetAttributes = {
					D1000001 = {
						CreatedOnToolsVersion = 15.0;
					};
				};
			};
			buildConfigurationList = E1000001 /* Build configuration list for PBXProject "QuickUnzip" */;
			compatibilityVersion = "Xcode 14.0";
			developmentRegion = en;
			hasScannedForEncodings = 0;
			knownRegions = (
				en,
				Base,
			);
			mainGroup = C1000001 /* = Begin Main Group = */;
			productRefGroup = C1000010 /* Products */;
			projectDirPath = "";
			projectRoot = "";
			targets = (
				D1000001 /* QuickUnzip */,
			);
		};
/* End PBXProject section */

/* Begin PBXResourcesBuildPhase section */
		D1000003 /* Resources */ = {
			isa = PBXResourcesBuildPhase;
			buildActionMask = 2147483647;
			files = (
				A1000013 /* Assets.xcassets in Resources */,
			);
			runOnlyForDeploymentPostprocessing = 0;
		};
/* End PBXResourcesBuildPhase section */

/* Begin PBXSourcesBuildPhase section */
		D1000002 /* Sources */ = {
			isa = PBXSourcesBuildPhase;
			buildActionMask = 2147483647;
			files = (
				A1000001 /* QuickUnzipApp.swift in Sources */,
				A1000002 /* FileItem.swift in Sources */,
				A1000003 /* FileStore.swift in Sources */,
				A1000004 /* HomeViewModel.swift in Sources */,
				A1000005 /* FileListViewModel.swift in Sources */,
				A1000006 /* HomeView.swift in Sources */,
				A1000007 /* FileListView.swift in Sources */,
				A1000008 /* FileDetailView.swift in Sources */,
				A1000009 /* ImagePreviewView.swift in Sources */,
				A100000A /* TextPreviewView.swift in Sources */,
				A100000B /* PDFPreviewView.swift in Sources */,
				A100000C /* FileRowView.swift in Sources */,
				A100000D /* EmptyStateView.swift in Sources */,
				A100000E /* DocumentPicker.swift in Sources */,
				A100000F /* ShareSheet.swift in Sources */,
				A1000010 /* Color+Hex.swift in Sources */,
				A1000011 /* ZIPExtractor.swift in Sources */,
				A1000012 /* FileService.swift in Sources */,
				A1000014 /* ArchiveExtractor.swift in Sources */,
				A1000015 /* SettingsView.swift in Sources */,
				A1000016 /* ArchiveCompressor.swift in Sources */,
				A1000017 /* CompressViewModel.swift in Sources */,
				A1000018 /* CompressView.swift in Sources */,
				A1000019 /* UpdateLogView.swift in Sources */,
				A100001A /* CustomerServiceView.swift in Sources */,
				A100001B /* CustomerServiceAPI.swift in Sources */,
				A100001C /* ProfileView.swift in Sources */,
				A100001D /* TextEditorView.swift in Sources */,
				A100001E /* AIChatService.swift in Sources */,
				A100001F /* AIChatView.swift in Sources */,
				A1000030 /* ArchiveCleaner.swift in Sources */,
				A1000031 /* CompressionAnalyzer.swift in Sources */,
				A1000032 /* EncodingFixer.swift in Sources */,
				A1000033 /* QRCodeGenerator.swift in Sources */,
				A1000034 /* ToolsView.swift in Sources */,
				A1000035 /* AnalyzerView.swift in Sources */,
				A1000036 /* CleanerView.swift in Sources */,
				A1000037 /* EncodingFixerView.swift in Sources */,
				A1000038 /* QRCodeView.swift in Sources */,
				A1000039 /* AudioPreviewView.swift in Sources */,
				A100003A /* VideoPreviewView.swift in Sources */,
				A100003B /* View+GlassEffect.swift in Sources */,
			);
			runOnlyForDeploymentPostprocessing = 0;
		};
/* End PBXSourcesBuildPhase section */

/* Begin XCBuildConfiguration section */
		F1000001 /* Debug */ = {
			isa = XCBuildConfiguration;
			buildSettings = {
				ALWAYS_SEARCH_USER_PATHS = NO;
				ASSETCATALOG_COMPILER_GENERATE_SWIFT_ASSET_SYMBOL_EXTENSIONS = YES;
				CLANG_ANALYZER_NONNULL = YES;
				CLANG_ANALYZER_NUMBER_OBJECT_CONVERSION = YES_AGGRESSIVE;
				CLANG_CXX_LANGUAGE_STANDARD = "gnu++20";
				CLANG_ENABLE_MODULES = YES;
				CLANG_ENABLE_OBJC_ARC = YES;
				CLANG_ENABLE_OBJC_WEAK = YES;
				CLANG_WARN_BLOCK_CAPTURE_AUTORELEASING = YES;
				CLANG_WARN_BOOL_CONVERSION = YES;
				CLANG_WARN_COMMA = YES;
				CLANG_WARN_CONSTANT_CONVERSION = YES;
				CLANG_WARN_DEPRECATED_OBJC_IMPLEMENTATIONS = YES;
				CLANG_WARN_DIRECT_OBJC_ISA_USAGE = YES_ERROR;
				CLANG_WARN_DOCUMENTATION_COMMENTS = YES;
				CLANG_WARN_EMPTY_BODY = YES;
				CLANG_WARN_ENUM_CONVERSION = YES;
				CLANG_WARN_INFINITE_RECURSION = YES;
				CLANG_WARN_INT_CONVERSION = YES;
				CLANG_WARN_NON_LITERAL_NULL_CONVERSION = YES;
				CLANG_WARN_OBJC_IMPLICIT_RETAIN_SELF = YES;
				CLANG_WARN_OBJC_LITERAL_CONVERSION = YES;
				CLANG_WARN_OBJC_ROOT_CLASS = YES_ERROR;
				CLANG_WARN_QUOTED_INCLUDE_IN_FRAMEWORK_HEADER = YES;
				CLANG_WARN_RANGE_LOOP_ANALYSIS = YES;
				CLANG_WARN_STRICT_PROTOTYPES = YES;
				CLANG_WARN_SUSPICIOUS_MOVE = YES;
				CLANG_WARN_UNGUARDED_AVAILABILITY = YES_AGGRESSIVE;
				CLANG_WARN_UNREACHABLE_CODE = YES;
				CLANG_WARN__DUPLICATE_METHOD_MATCH = YES;
				COPY_PHASE_STRIP = NO;
				DEBUG_INFORMATION_FORMAT = dwarf;
				ENABLE_STRICT_OBJC_MSGSEND = YES;
				ENABLE_TESTABILITY = YES;
				ENABLE_USER_SCRIPT_SANDBOXING = YES;
				GCC_C_LANGUAGE_STANDARD = gnu17;
				GCC_DYNAMIC_NO_PIC = NO;
				GCC_NO_COMMON_BLOCKS = YES;
				GCC_OPTIMIZATION_LEVEL = 0;
				GCC_PREPROCESSOR_DEFINITIONS = (
					"DEBUG=1",
					"$(inherited)",
				);
				GCC_WARN_64_TO_32_BIT_CONVERSION = YES;
				GCC_WARN_ABOUT_RETURN_TYPE = YES_ERROR;
				GCC_WARN_UNDECLARED_SELECTOR = YES;
				GCC_WARN_UNINITIALIZED_AUTOS = YES_AGGRESSIVE;
				GCC_WARN_UNUSED_FUNCTION = YES;
				GCC_WARN_UNUSED_VARIABLE = YES;
				IPHONEOS_DEPLOYMENT_TARGET = 16.0;
				LOCALIZATION_PREFERS_STRING_CATALOGS = YES;
				MTL_ENABLE_DEBUG_INFO = INCLUDE_SOURCE;
				MTL_FAST_MATH = YES;
				ONLY_ACTIVE_ARCH = YES;
				SDKROOT = iphoneos;
				SWIFT_ACTIVE_COMPILATION_CONDITIONS = "DEBUG $(inherited)";
				SWIFT_OPTIMIZATION_LEVEL = "-Onone";
			};
			name = Debug;
		};
		F1000002 /* Release */ = {
			isa = XCBuildConfiguration;
			buildSettings = {
				ALWAYS_SEARCH_USER_PATHS = NO;
				ASSETCATALOG_COMPILER_GENERATE_SWIFT_ASSET_SYMBOL_EXTENSIONS = YES;
				CLANG_ANALYZER_NONNULL = YES;
				CLANG_ANALYZER_NUMBER_OBJECT_CONVERSION = YES_AGGRESSIVE;
				CLANG_CXX_LANGUAGE_STANDARD = "gnu++20";
				CLANG_ENABLE_MODULES = YES;
				CLANG_ENABLE_OBJC_ARC = YES;
				CLANG_ENABLE_OBJC_WEAK = YES;
				CLANG_WARN_BLOCK_CAPTURE_AUTORELEASING = YES;
				CLANG_WARN_BOOL_CONVERSION = YES;
				CLANG_WARN_COMMA = YES;
				CLANG_WARN_CONSTANT_CONVERSION = YES;
				CLANG_WARN_DEPRECATED_OBJC_IMPLEMENTATIONS = YES;
				CLANG_WARN_DIRECT_OBJC_ISA_USAGE = YES_ERROR;
				CLANG_WARN_DOCUMENTATION_COMMENTS = YES;
				CLANG_WARN_EMPTY_BODY = YES;
				CLANG_WARN_ENUM_CONVERSION = YES;
				CLANG_WARN_INFINITE_RECURSION = YES;
				CLANG_WARN_INT_CONVERSION = YES;
				CLANG_WARN_NON_LITERAL_NULL_CONVERSION = YES;
				CLANG_WARN_OBJC_IMPLICIT_RETAIN_SELF = YES;
				CLANG_WARN_OBJC_LITERAL_CONVERSION = YES;
				CLANG_WARN_OBJC_ROOT_CLASS = YES_ERROR;
				CLANG_WARN_QUOTED_INCLUDE_IN_FRAMEWORK_HEADER = YES;
				CLANG_WARN_RANGE_LOOP_ANALYSIS = YES;
				CLANG_WARN_STRICT_PROTOTYPES = YES;
				CLANG_WARN_SUSPICIOUS_MOVE = YES;
				CLANG_WARN_UNGUARDED_AVAILABILITY = YES_AGGRESSIVE;
				CLANG_WARN_UNREACHABLE_CODE = YES;
				CLANG_WARN__DUPLICATE_METHOD_MATCH = YES;
				COPY_PHASE_STRIP = NO;
				DEBUG_INFORMATION_FORMAT = "dwarf-with-dsym";
				ENABLE_NS_ASSERTIONS = NO;
				ENABLE_STRICT_OBJC_MSGSEND = YES;
				ENABLE_USER_SCRIPT_SANDBOXING = YES;
				GCC_C_LANGUAGE_STANDARD = gnu17;
				GCC_NO_COMMON_BLOCKS = YES;
				GCC_WARN_64_TO_32_BIT_CONVERSION = YES;
				GCC_WARN_ABOUT_RETURN_TYPE = YES_ERROR;
				GCC_WARN_UNDECLARED_SELECTOR = YES;
				GCC_WARN_UNINITIALIZED_AUTOS = YES_AGGRESSIVE;
				GCC_WARN_UNUSED_FUNCTION = YES;
				GCC_WARN_UNUSED_VARIABLE = YES;
				IPHONEOS_DEPLOYMENT_TARGET = 16.0;
				LOCALIZATION_PREFERS_STRING_CATALOGS = YES;
				MTL_ENABLE_DEBUG_INFO = NO;
				MTL_FAST_MATH = YES;
				SDKROOT = iphoneos;
				SWIFT_COMPILATION_MODE = wholemodule;
				VALIDATE_PRODUCT = YES;
			};
			name = Release;
		};
		F1000003 /* Debug */ = {
			isa = XCBuildConfiguration;
			buildSettings = {
				ASSETCATALOG_COMPILER_APPICON_NAME = AppIcon;
				CODE_SIGN_IDENTITY = "iPhone Distribution";
				CODE_SIGN_STYLE = Manual;
				CURRENT_PROJECT_VERSION = 34;
				DEVELOPMENT_TEAM = FGPLBBNUSZ;
				GENERATE_INFOPLIST_FILE = NO;
				INFOPLIST_FILE = QuickUnzip/Info.plist;
				INFOPLIST_KEY_UIApplicationSceneManifest_Generation = YES;
				INFOPLIST_KEY_UIApplicationSupportsIndirectInputEvents = YES;
				INFOPLIST_KEY_UILaunchScreen_Generation = YES;
				INFOPLIST_KEY_UISupportedInterfaceOrientations_iPad = "UIInterfaceOrientationPortrait UIInterfaceOrientationPortraitUpsideDown UIInterfaceOrientationLandscapeLeft UIInterfaceOrientationLandscapeRight";
				INFOPLIST_KEY_UISupportedInterfaceOrientations_iPhone = "UIInterfaceOrientationPortrait UIInterfaceOrientationLandscapeLeft UIInterfaceOrientationLandscapeRight";
				IPHONEOS_DEPLOYMENT_TARGET = 16.0;
				LD_RUNPATH_SEARCH_PATHS = (
					"$(inherited)",
					"@executable_path/Frameworks",
				);
				MARKETING_VERSION = 3.1.0;
				PRODUCT_BUNDLE_IDENTIFIER = app.mango7143.test8374;
				PRODUCT_NAME = "$(TARGET_NAME)";
				PROVISIONING_PROFILE_SPECIFIER = "";
				SWIFT_EMIT_LOC_STRINGS = YES;
				SWIFT_VERSION = 5.0;
				TARGETED_DEVICE_FAMILY = "1,2";
			};
			name = Debug;
		};
		F1000004 /* Release */ = {
			isa = XCBuildConfiguration;
			buildSettings = {
				ASSETCATALOG_COMPILER_APPICON_NAME = AppIcon;
				CODE_SIGN_IDENTITY = "iPhone Distribution";
				CODE_SIGN_STYLE = Manual;
				CURRENT_PROJECT_VERSION = 34;
				DEVELOPMENT_TEAM = FGPLBBNUSZ;
				GENERATE_INFOPLIST_FILE = NO;
				INFOPLIST_FILE = QuickUnzip/Info.plist;
				INFOPLIST_KEY_UIApplicationSceneManifest_Generation = YES;
				INFOPLIST_KEY_UIApplicationSupportsIndirectInputEvents = YES;
				INFOPLIST_KEY_UILaunchScreen_Generation = YES;
				INFOPLIST_KEY_UISupportedInterfaceOrientations_iPad = "UIInterfaceOrientationPortrait UIInterfaceOrientationPortraitUpsideDown UIInterfaceOrientationLandscapeLeft UIInterfaceOrientationLandscapeRight";
				INFOPLIST_KEY_UISupportedInterfaceOrientations_iPhone = "UIInterfaceOrientationPortrait UIInterfaceOrientationLandscapeLeft UIInterfaceOrientationLandscapeRight";
				IPHONEOS_DEPLOYMENT_TARGET = 16.0;
				LD_RUNPATH_SEARCH_PATHS = (
					"$(inherited)",
					"@executable_path/Frameworks",
				);
				MARKETING_VERSION = 3.1.0;
				PRODUCT_BUNDLE_IDENTIFIER = app.mango7143.test8374;
				PRODUCT_NAME = "$(TARGET_NAME)";
				PROVISIONING_PROFILE_SPECIFIER = "";
				SWIFT_EMIT_LOC_STRINGS = YES;
				SWIFT_VERSION = 5.0;
				TARGETED_DEVICE_FAMILY = "1,2";
			};
			name = Release;
		};
/* End XCBuildConfiguration section */

/* Begin XCConfigurationList section */
		E1000001 /* Build configuration list for PBXProject "QuickUnzip" */ = {
			isa = XCConfigurationList;
			buildConfigurations = (
				F1000001 /* Debug */,
				F1000002 /* Release */,
			);
			defaultConfigurationIsVisible = 0;
			defaultConfigurationName = Release;
		};
		E1000003 /* Build configuration list for PBXNativeTarget "QuickUnzip" */ = {
			isa = XCConfigurationList;
			buildConfigurations = (
				F1000003 /* Debug */,
				F1000004 /* Release */,
			);
			defaultConfigurationIsVisible = 0;
			defaultConfigurationName = Release;
		};
/* End XCConfigurationList section */

	};
	rootObject = D1000010 /* Project object */;
}
